
Microsoft Visual Studio Solution File, Format Version 12.00
# Visual Studio 14
VisualStudioVersion = 14.0.25420.1
MinimumVisualStudioVersion = 10.0.40219.1
Project("{E24C65DC-7377-472B-9ABA-BC803B73C61A}") = "proyecto-dai", ".", "{EB36E2BE-C017-439E-BB2B-926831E30706}"
	ProjectSection(WebsiteProperties) = preProject
		TargetFrameworkMoniker = ".NETFramework,Version%3Dv4.0"
		Debug.AspNetCompiler.VirtualPath = "/localhost_57118"
		Debug.AspNetCompiler.PhysicalPath = "..\..\..\..\Desktop\proyecto-dai\"
		Debug.AspNetCompiler.TargetPath = "PrecompiledWeb\localhost_57118\"
		Debug.AspNetCompiler.Updateable = "true"
		Debug.AspNetCompiler.ForceOverwrite = "true"
		Debug.AspNetCompiler.FixedNames = "false"
		Debug.AspNetCompiler.Debug = "True"
		Release.AspNetCompiler.VirtualPath = "/localhost_57118"
		Release.AspNetCompiler.PhysicalPath = "..\..\..\..\Desktop\proyecto-dai\"
		Release.AspNetCompiler.TargetPath = "PrecompiledWeb\localhost_57118\"
		Release.AspNetCompiler.Updateable = "true"
		Release.AspNetCompiler.ForceOverwrite = "true"
		Release.AspNetCompiler.FixedNames = "false"
		Release.AspNetCompiler.Debug = "False"
		VWDPort = "57118"
	EndProjectSection
EndProject
Global
	GlobalSection(SolutionConfigurationPlatforms) = preSolution
		Debug|Any CPU = Debug|Any CPU
	EndGlobalSection
	GlobalSection(ProjectConfigurationPlatforms) = postSolution
		{EB36E2BE-C017-439E-BB2B-926831E30706}.Debug|Any CPU.ActiveCfg = Debug|Any CPU
		{EB36E2BE-C017-439E-BB2B-926831E30706}.Debug|Any CPU.Build.0 = Debug|Any CPU
	EndGlobalSection
	GlobalSection(SolutionProperties) = preSolution
		HideSolutionNode = FALSE
	EndGlobalSection
EndGlobal
