
Microsoft Visual Studio Solution File, Format Version 12.00
# Visual Studio 15
Project("{FAE04EC0-301F-11D3-BF4B-00C04F79EFBC}") = "sitio-dai", "sitio-dai\sitio-dai.csproj", "{CCC56807-C38C-4D94-9F53-99719F8F5874}"
EndProject
Project("{FAE04EC0-301F-11D3-BF4B-00C04F79EFBC}") = "sitio-dai.Tests", "sitio-dai.Tests\sitio-dai.Tests.csproj", "{B5D37D01-9C56-4473-AA49-04C14BD3CA7C}"
EndProject
Global
	GlobalSection(SolutionConfigurationPlatforms) = preSolution
		Debug|Any CPU = Debug|Any CPU
		Release|Any CPU = Release|Any CPU
	EndGlobalSection
	GlobalSection(ProjectConfigurationPlatforms) = postSolution
		{CCC56807-C38C-4D94-9F53-99719F8F5874}.Debug|Any CPU.ActiveCfg = Debug|Any CPU
		{CCC56807-C38C-4D94-9F53-99719F8F5874}.Debug|Any CPU.Build.0 = Debug|Any CPU
		{CCC56807-C38C-4D94-9F53-99719F8F5874}.Release|Any CPU.ActiveCfg = Release|Any CPU
		{CCC56807-C38C-4D94-9F53-99719F8F5874}.Release|Any CPU.Build.0 = Release|Any CPU
		{B5D37D01-9C56-4473-AA49-04C14BD3CA7C}.Debug|Any CPU.ActiveCfg = Debug|Any CPU
		{B5D37D01-9C56-4473-AA49-04C14BD3CA7C}.Debug|Any CPU.Build.0 = Debug|Any CPU
		{B5D37D01-9C56-4473-AA49-04C14BD3CA7C}.Release|Any CPU.ActiveCfg = Release|Any CPU
		{B5D37D01-9C56-4473-AA49-04C14BD3CA7C}.Release|Any CPU.Build.0 = Release|Any CPU
	EndGlobalSection
EndGlobal
